
Microsoft Visual Studio Solution File, Format Version 12.00
# Visual Studio Version 17
VisualStudioVersion = 17.5.002.0
MinimumVisualStudioVersion = 10.0.40219.1
Project("{9A19103F-16F7-4668-BE54-9A1E7A4F7556}") = "Soft.Api", "Soft.Api\Soft.Api.csproj", "{7B44D734-4CA2-4890-8D53-D4F247580D94}"
EndProject
Project("{9A19103F-16F7-4668-BE54-9A1E7A4F7556}") = "Soft.Bussiness", "Soft.Bussiness\Soft.Bussiness.csproj", "{0B6A5EA1-30AD-4014-AA6D-8673B72E7D16}"
EndProject
Project("{9A19103F-16F7-4668-BE54-9A1E7A4F7556}") = "Soft.Infra", "Soft.Infra\Soft.Infra.csproj", "{ACF583B1-C34C-401E-A363-D4E679BB184B}"
EndProject
Global
	GlobalSection(SolutionConfigurationPlatforms) = preSolution
		Debug|Any CPU = Debug|Any CPU
		Release|Any CPU = Release|Any CPU
	EndGlobalSection
	GlobalSection(ProjectConfigurationPlatforms) = postSolution
		{7B44D734-4CA2-4890-8D53-D4F247580D94}.Debug|Any CPU.ActiveCfg = Debug|Any CPU
		{7B44D734-4CA2-4890-8D53-D4F247580D94}.Debug|Any CPU.Build.0 = Debug|Any CPU
		{7B44D734-4CA2-4890-8D53-D4F247580D94}.Release|Any CPU.ActiveCfg = Release|Any CPU
		{7B44D734-4CA2-4890-8D53-D4F247580D94}.Release|Any CPU.Build.0 = Release|Any CPU
		{0B6A5EA1-30AD-4014-AA6D-8673B72E7D16}.Debug|Any CPU.ActiveCfg = Debug|Any CPU
		{0B6A5EA1-30AD-4014-AA6D-8673B72E7D16}.Debug|Any CPU.Build.0 = Debug|Any CPU
		{0B6A5EA1-30AD-4014-AA6D-8673B72E7D16}.Release|Any CPU.ActiveCfg = Release|Any CPU
		{0B6A5EA1-30AD-4014-AA6D-8673B72E7D16}.Release|Any CPU.Build.0 = Release|Any CPU
		{ACF583B1-C34C-401E-A363-D4E679BB184B}.Debug|Any CPU.ActiveCfg = Debug|Any CPU
		{ACF583B1-C34C-401E-A363-D4E679BB184B}.Debug|Any CPU.Build.0 = Debug|Any CPU
		{ACF583B1-C34C-401E-A363-D4E679BB184B}.Release|Any CPU.ActiveCfg = Release|Any CPU
		{ACF583B1-C34C-401E-A363-D4E679BB184B}.Release|Any CPU.Build.0 = Release|Any CPU
	EndGlobalSection
	GlobalSection(SolutionProperties) = preSolution
		HideSolutionNode = FALSE
	EndGlobalSection
	GlobalSection(ExtensibilityGlobals) = postSolution
		SolutionGuid = {0EF968D8-D1E4-4A5A-9458-6FE07C82FB8C}
	EndGlobalSection
EndGlobal
